<Solution>
  <Folder Name="/src/">
    <Project Path="src/Nido.Api/Nido.Api.csproj" />
    <Project Path="src/Nido.Application/Nido.Application.csproj" />
    <Project Path="src/Nido.Domain/Nido.Domain.csproj" />
    <Project Path="src/Nido.Infrastructure/Nido.Infrastructure.csproj" />
    <Project Path="src/Nido.Migrator/Nido.Migrator.csproj" />
  </Folder>
  <Folder Name="/tests/">
    <Project Path="tests/Nido.Api.IntegrationTests/Nido.Api.IntegrationTests.csproj" />
    <Project Path="tests/Nido.Application.Tests/Nido.Application.Tests.csproj" />
    <Project Path="tests/Nido.Domain.Tests/Nido.Domain.Tests.csproj" />
    <Project Path="tests/Nido.Infrastructure.Tests/Nido.Infrastructure.Tests.csproj" />
  </Folder>
</Solution>
